<?xml version="1.0" encoding="utf-8"?>
<Project ToolsVersion="4.0" xmlns="http://schemas.microsoft.com/developer/msbuild/2003">
  <ItemGroup>
    <Filter Include="lvgl">
      <UniqueIdentifier>{0812e884-6e5c-4c8d-a3ac-3c455c8508d7}</UniqueIdentifier>
    </Filter>
    <Filter Include="lvgl\.github">
      <UniqueIdentifier>{6b335185-5151-4b5d-9b6c-b30272ae7715}</UniqueIdentifier>
    </Filter>
    <Filter Include="lvgl\.github\ISSUE_TEMPLATE">
      <UniqueIdentifier>{e8a075ef-d13b-4ea7-af53-895fdc37efbb}</UniqueIdentifier>
    </Filter>
    <Filter Include="lvgl\.github\workflows">
      <UniqueIdentifier>{6b9e0d17-6a10-4107-bbc3-17f85b927332}</UniqueIdentifier>
    </Filter>
    <Filter Include="lvgl\docs">
      <UniqueIdentifier>{7c19c744-e7f5-40aa-abd7-f8dfce67fb5b}</UniqueIdentifier>
    </Filter>
    <Filter Include="lvgl\docs\get-started">
      <UniqueIdentifier>{b9e41fb3-367c-4794-b09e-cae85331b582}</UniqueIdentifier>
    </Filter>
    <Filter Include="lvgl\docs\intro">
      <UniqueIdentifier>{0476e353-4846-4d50-9689-69f861b3932f}</UniqueIdentifier>
    </Filter>
    <Filter Include="lvgl\docs\layouts">
      <UniqueIdentifier>{a747a2de-aef9-4fda-b8a5-8cbd73b9e722}</UniqueIdentifier>
    </Filter>
    <Filter Include="lvgl\docs\misc">
      <UniqueIdentifier>{30c66ce2-92f4-4b25-91c0-2a45a6341af9}</UniqueIdentifier>
    </Filter>
    <Filter Include="lvgl\docs\overview">
      <UniqueIdentifier>{7d651f8b-410c-4df8-a6a3-c0eac982da7d}</UniqueIdentifier>
    </Filter>
    <Filter Include="lvgl\docs\porting">
      <UniqueIdentifier>{e3647c61-0142-4497-92fb-a4f867b7c074}</UniqueIdentifier>
    </Filter>
    <Filter Include="lvgl\docs\widgets">
      <UniqueIdentifier>{f06b5e28-de4e-48c1-8d51-635bc570cb42}</UniqueIdentifier>
    </Filter>
    <Filter Include="lvgl\scripts">
      <UniqueIdentifier>{5a3563f6-6ec4-47ad-aad1-17db55a9db5c}</UniqueIdentifier>
    </Filter>
    <Filter Include="lvgl\scripts\built_in_font">
      <UniqueIdentifier>{ba1e2b72-524d-430c-984e-5cc6779f4a32}</UniqueIdentifier>
    </Filter>
    <Filter Include="lvgl\scripts\release">
      <UniqueIdentifier>{5a56e855-d556-49a1-8019-3338546a9ac6}</UniqueIdentifier>
    </Filter>
    <Filter Include="lvgl\src">
      <UniqueIdentifier>{a679a13c-1a22-432a-b0a1-807d9d2ef978}</UniqueIdentifier>
    </Filter>
    <Filter Include="lvgl\src\core">
      <UniqueIdentifier>{f6d603b1-a0a7-4ea9-8616-180603803954}</UniqueIdentifier>
    </Filter>
    <Filter Include="lvgl\src\draw">
      <UniqueIdentifier>{6977241f-cc4a-4c50-928a-8c370a88e991}</UniqueIdentifier>
    </Filter>
    <Filter Include="lvgl\src\extra">
      <UniqueIdentifier>{bffe39d4-55c8-4ea0-b2fe-932bb0e05a21}</UniqueIdentifier>
    </Filter>
    <Filter Include="lvgl\src\extra\layouts">
      <UniqueIdentifier>{b2d11cc1-de15-43b8-8613-1fa36d32fada}</UniqueIdentifier>
    </Filter>
    <Filter Include="lvgl\src\extra\layouts\flex">
      <UniqueIdentifier>{56f33a23-c8fa-4621-a3cb-5bd73605c500}</UniqueIdentifier>
    </Filter>
    <Filter Include="lvgl\src\extra\layouts\grid">
      <UniqueIdentifier>{663c585b-634d-40ee-b9c7-2bf9aaecb9b3}</UniqueIdentifier>
    </Filter>
    <Filter Include="lvgl\src\extra\themes">
      <UniqueIdentifier>{6250d797-0435-4bfa-b8f4-0b2feda48ace}</UniqueIdentifier>
    </Filter>
    <Filter Include="lvgl\src\extra\themes\basic">
      <UniqueIdentifier>{40cdb954-95c0-4d69-bf62-347025ebe50a}</UniqueIdentifier>
    </Filter>
    <Filter Include="lvgl\src\extra\themes\default">
      <UniqueIdentifier>{2a7e92c4-bb64-4b2e-ba0a-556a6bbafdcd}</UniqueIdentifier>
    </Filter>
    <Filter Include="lvgl\src\extra\widgets">
      <UniqueIdentifier>{22a317eb-94d2-4cd8-9245-26e7dd1989f6}</UniqueIdentifier>
    </Filter>
    <Filter Include="lvgl\src\extra\widgets\calendar">
      <UniqueIdentifier>{5d599717-d3fc-419c-ab37-b54e71557c9b}</UniqueIdentifier>
    </Filter>
    <Filter Include="lvgl\src\extra\widgets\colorwheel">
      <UniqueIdentifier>{6e4e5fdd-e0ed-442e-9f0a-b2f8769b9ed6}</UniqueIdentifier>
    </Filter>
    <Filter Include="lvgl\src\extra\widgets\imgbtn">
      <UniqueIdentifier>{11732729-6ed9-4807-8abe-a686ca80dfe1}</UniqueIdentifier>
    </Filter>
    <Filter Include="lvgl\src\extra\widgets\keyboard">
      <UniqueIdentifier>{1d2fee4f-cd9e-40d5-aa21-07604a18c8fe}</UniqueIdentifier>
    </Filter>
    <Filter Include="lvgl\src\extra\widgets\led">
      <UniqueIdentifier>{45243c4d-8754-4b5a-b04e-7bb84d13541f}</UniqueIdentifier>
    </Filter>
    <Filter Include="lvgl\src\extra\widgets\list">
      <UniqueIdentifier>{b6349eda-16a8-4793-8bef-563734dda6d4}</UniqueIdentifier>
    </Filter>
    <Filter Include="lvgl\src\extra\widgets\msgbox">
      <UniqueIdentifier>{1bbf0be6-07c2-4d41-84fc-339187883fe2}</UniqueIdentifier>
    </Filter>
    <Filter Include="lvgl\src\extra\widgets\spinbox">
      <UniqueIdentifier>{69126bcf-5e0d-459b-a6ac-9dfd49d68bf5}</UniqueIdentifier>
    </Filter>
    <Filter Include="lvgl\src\extra\widgets\spinner">
      <UniqueIdentifier>{664c5878-d163-4604-a51f-7b44ef7d9f53}</UniqueIdentifier>
    </Filter>
    <Filter Include="lvgl\src\extra\widgets\tabview">
      <UniqueIdentifier>{cd304c28-d871-43ea-a7e9-7f650b03e78d}</UniqueIdentifier>
    </Filter>
    <Filter Include="lvgl\src\extra\widgets\tileview">
      <UniqueIdentifier>{45b95651-9c00-4234-820c-d3df83e8df4a}</UniqueIdentifier>
    </Filter>
    <Filter Include="lvgl\src\extra\widgets\win">
      <UniqueIdentifier>{9997c61e-1808-4459-a8f1-c274dbe3bd88}</UniqueIdentifier>
    </Filter>
    <Filter Include="lvgl\src\font">
      <UniqueIdentifier>{de920f99-14e4-4ab8-8426-91e0712e3c47}</UniqueIdentifier>
    </Filter>
    <Filter Include="lvgl\src\gpu">
      <UniqueIdentifier>{d86f8cec-4b9d-4887-a303-93e2dda96b47}</UniqueIdentifier>
    </Filter>
    <Filter Include="lvgl\src\hal">
      <UniqueIdentifier>{54d56121-ab82-4de1-86b2-ac80e09c14e9}</UniqueIdentifier>
    </Filter>
    <Filter Include="lvgl\src\misc">
      <UniqueIdentifier>{b9250816-5262-49d5-a2e6-d5c2a03d54d4}</UniqueIdentifier>
    </Filter>
    <Filter Include="lvgl\src\widgets">
      <UniqueIdentifier>{111a750f-9bc8-4ce3-b248-d39214e7fc4f}</UniqueIdentifier>
    </Filter>
    <Filter Include="lvgl\tests">
      <UniqueIdentifier>{0d04982d-5485-4c9f-b019-6fb13e6fb519}</UniqueIdentifier>
    </Filter>
    <Filter Include="lvgl\tests\lv_test_core">
      <UniqueIdentifier>{def55234-91c5-4fc6-8d81-92692e892a48}</UniqueIdentifier>
    </Filter>
    <Filter Include="lvgl\tests\lv_test_fonts">
      <UniqueIdentifier>{3492f051-3bb4-433d-a96f-de3509f94080}</UniqueIdentifier>
    </Filter>
    <Filter Include="lvgl\tests\lv_test_ref_imgs">
      <UniqueIdentifier>{f057c5b9-3c70-4f85-a4dc-0fb5c2936b92}</UniqueIdentifier>
    </Filter>
    <Filter Include="lvgl\tests\lv_test_widgets">
      <UniqueIdentifier>{063ff02b-610d-493f-876c-f347fd660f57}</UniqueIdentifier>
    </Filter>
    <Filter Include="lvgl\zephyr">
      <UniqueIdentifier>{6c4ef90c-cc0f-4a1f-813a-095c2310e4cd}</UniqueIdentifier>
    </Filter>
    <Filter Include="app">
      <UniqueIdentifier>{541ac1cf-3b82-46d7-bafe-93e81cbf0830}</UniqueIdentifier>
    </Filter>
    <Filter Include="lvgl\src\extra\widgets\chart">
      <UniqueIdentifier>{a807206f-3c1e-4aa9-9687-22ac5bafab85}</UniqueIdentifier>
    </Filter>
    <Filter Include="lvgl\src\extra\widgets\meter">
      <UniqueIdentifier>{355ec526-91f4-44e4-b758-7047d600663f}</UniqueIdentifier>
    </Filter>
  </ItemGroup>
  <ItemGroup>
    <ClInclude Include="lvgl\src\core\lv_disp.h">
      <Filter>lvgl\src\core</Filter>
    </ClInclude>
    <ClInclude Include="lvgl\src\core\lv_group.h">
      <Filter>lvgl\src\core</Filter>
    </ClInclude>
    <ClInclude Include="lvgl\src\core\lv_indev.h">
      <Filter>lvgl\src\core</Filter>
    </ClInclude>
    <ClInclude Include="lvgl\src\core\lv_indev_scroll.h">
      <Filter>lvgl\src\core</Filter>
    </ClInclude>
    <ClInclude Include="lvgl\src\core\lv_obj.h">
      <Filter>lvgl\src\core</Filter>
    </ClInclude>
    <ClInclude Include="lvgl\src\core\lv_obj_class.h">
      <Filter>lvgl\src\core</Filter>
    </ClInclude>
    <ClInclude Include="lvgl\src\core\lv_obj_draw.h">
      <Filter>lvgl\src\core</Filter>
    </ClInclude>
    <ClInclude Include="lvgl\src\core\lv_obj_pos.h">
      <Filter>lvgl\src\core</Filter>
    </ClInclude>
    <ClInclude Include="lvgl\src\core\lv_obj_scroll.h">
      <Filter>lvgl\src\core</Filter>
    </ClInclude>
    <ClInclude Include="lvgl\src\core\lv_obj_style.h">
      <Filter>lvgl\src\core</Filter>
    </ClInclude>
    <ClInclude Include="lvgl\src\core\lv_obj_style_gen.h">
      <Filter>lvgl\src\core</Filter>
    </ClInclude>
    <ClInclude Include="lvgl\src\core\lv_obj_tree.h">
      <Filter>lvgl\src\core</Filter>
    </ClInclude>
    <ClInclude Include="lvgl\src\core\lv_refr.h">
      <Filter>lvgl\src\core</Filter>
    </ClInclude>
    <ClInclude Include="lvgl\src\core\lv_theme.h">
      <Filter>lvgl\src\core</Filter>
    </ClInclude>
    <ClInclude Include="lvgl\src\draw\lv_draw.h">
      <Filter>lvgl\src\draw</Filter>
    </ClInclude>
    <ClInclude Include="lvgl\src\draw\lv_draw_arc.h">
      <Filter>lvgl\src\draw</Filter>
    </ClInclude>
    <ClInclude Include="lvgl\src\draw\lv_draw_blend.h">
      <Filter>lvgl\src\draw</Filter>
    </ClInclude>
    <ClInclude Include="lvgl\src\draw\lv_draw_img.h">
      <Filter>lvgl\src\draw</Filter>
    </ClInclude>
    <ClInclude Include="lvgl\src\draw\lv_draw_label.h">
      <Filter>lvgl\src\draw</Filter>
    </ClInclude>
    <ClInclude Include="lvgl\src\draw\lv_draw_line.h">
      <Filter>lvgl\src\draw</Filter>
    </ClInclude>
    <ClInclude Include="lvgl\src\draw\lv_draw_mask.h">
      <Filter>lvgl\src\draw</Filter>
    </ClInclude>
    <ClInclude Include="lvgl\src\draw\lv_draw_rect.h">
      <Filter>lvgl\src\draw</Filter>
    </ClInclude>
    <ClInclude Include="lvgl\src\draw\lv_draw_triangle.h">
      <Filter>lvgl\src\draw</Filter>
    </ClInclude>
    <ClInclude Include="lvgl\src\draw\lv_img_buf.h">
      <Filter>lvgl\src\draw</Filter>
    </ClInclude>
    <ClInclude Include="lvgl\src\draw\lv_img_cache.h">
      <Filter>lvgl\src\draw</Filter>
    </ClInclude>
    <ClInclude Include="lvgl\src\draw\lv_img_decoder.h">
      <Filter>lvgl\src\draw</Filter>
    </ClInclude>
    <ClInclude Include="lvgl\src\extra\layouts\flex\lv_flex.h">
      <Filter>lvgl\src\extra\layouts\flex</Filter>
    </ClInclude>
    <ClInclude Include="lvgl\src\extra\layouts\grid\lv_grid.h">
      <Filter>lvgl\src\extra\layouts\grid</Filter>
    </ClInclude>
    <ClInclude Include="lvgl\src\extra\layouts\lv_layouts.h">
      <Filter>lvgl\src\extra\layouts</Filter>
    </ClInclude>
    <ClInclude Include="lvgl\src\extra\themes\basic\lv_theme_basic.h">
      <Filter>lvgl\src\extra\themes\basic</Filter>
    </ClInclude>
    <ClInclude Include="lvgl\src\extra\themes\default\lv_theme_default.h">
      <Filter>lvgl\src\extra\themes\default</Filter>
    </ClInclude>
    <ClInclude Include="lvgl\src\extra\themes\lv_themes.h">
      <Filter>lvgl\src\extra\themes</Filter>
    </ClInclude>
    <ClInclude Include="lvgl\src\extra\widgets\calendar\lv_calendar.h">
      <Filter>lvgl\src\extra\widgets\calendar</Filter>
    </ClInclude>
    <ClInclude Include="lvgl\src\extra\widgets\calendar\lv_calendar_header_arrow.h">
      <Filter>lvgl\src\extra\widgets\calendar</Filter>
    </ClInclude>
    <ClInclude Include="lvgl\src\extra\widgets\calendar\lv_calendar_header_dropdown.h">
      <Filter>lvgl\src\extra\widgets\calendar</Filter>
    </ClInclude>
    <ClInclude Include="lvgl\src\extra\widgets\colorwheel\lv_colorwheel.h">
      <Filter>lvgl\src\extra\widgets\colorwheel</Filter>
    </ClInclude>
    <ClInclude Include="lvgl\src\extra\widgets\imgbtn\lv_imgbtn.h">
      <Filter>lvgl\src\extra\widgets\imgbtn</Filter>
    </ClInclude>
    <ClInclude Include="lvgl\src\extra\widgets\keyboard\lv_keyboard.h">
      <Filter>lvgl\src\extra\widgets\keyboard</Filter>
    </ClInclude>
    <ClInclude Include="lvgl\src\extra\widgets\led\lv_led.h">
      <Filter>lvgl\src\extra\widgets\led</Filter>
    </ClInclude>
    <ClInclude Include="lvgl\src\extra\widgets\list\lv_list.h">
      <Filter>lvgl\src\extra\widgets\list</Filter>
    </ClInclude>
    <ClInclude Include="lvgl\src\extra\widgets\msgbox\lv_msgbox.h">
      <Filter>lvgl\src\extra\widgets\msgbox</Filter>
    </ClInclude>
    <ClInclude Include="lvgl\src\extra\widgets\spinbox\lv_spinbox.h">
      <Filter>lvgl\src\extra\widgets\spinbox</Filter>
    </ClInclude>
    <ClInclude Include="lvgl\src\extra\widgets\spinner\lv_spinner.h">
      <Filter>lvgl\src\extra\widgets\spinner</Filter>
    </ClInclude>
    <ClInclude Include="lvgl\src\extra\widgets\tabview\lv_tabview.h">
      <Filter>lvgl\src\extra\widgets\tabview</Filter>
    </ClInclude>
    <ClInclude Include="lvgl\src\extra\widgets\tileview\lv_tileview.h">
      <Filter>lvgl\src\extra\widgets\tileview</Filter>
    </ClInclude>
    <ClInclude Include="lvgl\src\extra\widgets\win\lv_win.h">
      <Filter>lvgl\src\extra\widgets\win</Filter>
    </ClInclude>
    <ClInclude Include="lvgl\src\extra\widgets\lv_widgets.h">
      <Filter>lvgl\src\extra\widgets</Filter>
    </ClInclude>
    <ClInclude Include="lvgl\src\extra\lv_extra.h">
      <Filter>lvgl\src\extra</Filter>
    </ClInclude>
    <ClInclude Include="lvgl\src\font\lv_font.h">
      <Filter>lvgl\src\font</Filter>
    </ClInclude>
    <ClInclude Include="lvgl\src\font\lv_font_fmt_txt.h">
      <Filter>lvgl\src\font</Filter>
    </ClInclude>
    <ClInclude Include="lvgl\src\font\lv_font_loader.h">
      <Filter>lvgl\src\font</Filter>
    </ClInclude>
    <ClInclude Include="lvgl\src\font\lv_symbol_def.h">
      <Filter>lvgl\src\font</Filter>
    </ClInclude>
    <ClInclude Include="lvgl\src\gpu\lv_gpu_nxp_pxp.h">
      <Filter>lvgl\src\gpu</Filter>
    </ClInclude>
    <ClInclude Include="lvgl\src\gpu\lv_gpu_nxp_pxp_osa.h">
      <Filter>lvgl\src\gpu</Filter>
    </ClInclude>
    <ClInclude Include="lvgl\src\gpu\lv_gpu_nxp_vglite.h">
      <Filter>lvgl\src\gpu</Filter>
    </ClInclude>
    <ClInclude Include="lvgl\src\gpu\lv_gpu_stm32_dma2d.h">
      <Filter>lvgl\src\gpu</Filter>
    </ClInclude>
    <ClInclude Include="lvgl\src\hal\lv_hal.h">
      <Filter>lvgl\src\hal</Filter>
    </ClInclude>
    <ClInclude Include="lvgl\src\hal\lv_hal_disp.h">
      <Filter>lvgl\src\hal</Filter>
    </ClInclude>
    <ClInclude Include="lvgl\src\hal\lv_hal_indev.h">
      <Filter>lvgl\src\hal</Filter>
    </ClInclude>
    <ClInclude Include="lvgl\src\hal\lv_hal_tick.h">
      <Filter>lvgl\src\hal</Filter>
    </ClInclude>
    <ClInclude Include="lvgl\src\misc\lv_anim.h">
      <Filter>lvgl\src\misc</Filter>
    </ClInclude>
    <ClInclude Include="lvgl\src\misc\lv_area.h">
      <Filter>lvgl\src\misc</Filter>
    </ClInclude>
    <ClInclude Include="lvgl\src\misc\lv_assert.h">
      <Filter>lvgl\src\misc</Filter>
    </ClInclude>
    <ClInclude Include="lvgl\src\misc\lv_async.h">
      <Filter>lvgl\src\misc</Filter>
    </ClInclude>
    <ClInclude Include="lvgl\src\misc\lv_bidi.h">
      <Filter>lvgl\src\misc</Filter>
    </ClInclude>
    <ClInclude Include="lvgl\src\misc\lv_color.h">
      <Filter>lvgl\src\misc</Filter>
    </ClInclude>
    <ClInclude Include="lvgl\src\misc\lv_fs.h">
      <Filter>lvgl\src\misc</Filter>
    </ClInclude>
    <ClInclude Include="lvgl\src\misc\lv_gc.h">
      <Filter>lvgl\src\misc</Filter>
    </ClInclude>
    <ClInclude Include="lvgl\src\misc\lv_ll.h">
      <Filter>lvgl\src\misc</Filter>
    </ClInclude>
    <ClInclude Include="lvgl\src\misc\lv_log.h">
      <Filter>lvgl\src\misc</Filter>
    </ClInclude>
    <ClInclude Include="lvgl\src\misc\lv_math.h">
      <Filter>lvgl\src\misc</Filter>
    </ClInclude>
    <ClInclude Include="lvgl\src\misc\lv_mem.h">
      <Filter>lvgl\src\misc</Filter>
    </ClInclude>
    <ClInclude Include="lvgl\src\misc\lv_printf.h">
      <Filter>lvgl\src\misc</Filter>
    </ClInclude>
    <ClInclude Include="lvgl\src\misc\lv_style.h">
      <Filter>lvgl\src\misc</Filter>
    </ClInclude>
    <ClInclude Include="lvgl\src\misc\lv_style_gen.h">
      <Filter>lvgl\src\misc</Filter>
    </ClInclude>
    <ClInclude Include="lvgl\src\misc\lv_templ.h">
      <Filter>lvgl\src\misc</Filter>
    </ClInclude>
    <ClInclude Include="lvgl\src\misc\lv_timer.h">
      <Filter>lvgl\src\misc</Filter>
    </ClInclude>
    <ClInclude Include="lvgl\src\misc\lv_tlsf.h">
      <Filter>lvgl\src\misc</Filter>
    </ClInclude>
    <ClInclude Include="lvgl\src\misc\lv_txt.h">
      <Filter>lvgl\src\misc</Filter>
    </ClInclude>
    <ClInclude Include="lvgl\src\misc\lv_txt_ap.h">
      <Filter>lvgl\src\misc</Filter>
    </ClInclude>
    <ClInclude Include="lvgl\src\misc\lv_types.h">
      <Filter>lvgl\src\misc</Filter>
    </ClInclude>
    <ClInclude Include="lvgl\src\misc\lv_utils.h">
      <Filter>lvgl\src\misc</Filter>
    </ClInclude>
    <ClInclude Include="lvgl\src\widgets\lv_arc.h">
      <Filter>lvgl\src\widgets</Filter>
    </ClInclude>
    <ClInclude Include="lvgl\src\widgets\lv_bar.h">
      <Filter>lvgl\src\widgets</Filter>
    </ClInclude>
    <ClInclude Include="lvgl\src\widgets\lv_btn.h">
      <Filter>lvgl\src\widgets</Filter>
    </ClInclude>
    <ClInclude Include="lvgl\src\widgets\lv_btnmatrix.h">
      <Filter>lvgl\src\widgets</Filter>
    </ClInclude>
    <ClInclude Include="lvgl\src\widgets\lv_canvas.h">
      <Filter>lvgl\src\widgets</Filter>
    </ClInclude>
    <ClInclude Include="lvgl\src\widgets\lv_checkbox.h">
      <Filter>lvgl\src\widgets</Filter>
    </ClInclude>
    <ClInclude Include="lvgl\src\widgets\lv_dropdown.h">
      <Filter>lvgl\src\widgets</Filter>
    </ClInclude>
    <ClInclude Include="lvgl\src\widgets\lv_img.h">
      <Filter>lvgl\src\widgets</Filter>
    </ClInclude>
    <ClInclude Include="lvgl\src\widgets\lv_label.h">
      <Filter>lvgl\src\widgets</Filter>
    </ClInclude>
    <ClInclude Include="lvgl\src\widgets\lv_line.h">
      <Filter>lvgl\src\widgets</Filter>
    </ClInclude>
    <ClInclude Include="lvgl\src\widgets\lv_objx_templ.h">
      <Filter>lvgl\src\widgets</Filter>
    </ClInclude>
    <ClInclude Include="lvgl\src\widgets\lv_roller.h">
      <Filter>lvgl\src\widgets</Filter>
    </ClInclude>
    <ClInclude Include="lvgl\src\widgets\lv_slider.h">
      <Filter>lvgl\src\widgets</Filter>
    </ClInclude>
    <ClInclude Include="lvgl\src\widgets\lv_switch.h">
      <Filter>lvgl\src\widgets</Filter>
    </ClInclude>
    <ClInclude Include="lvgl\src\widgets\lv_table.h">
      <Filter>lvgl\src\widgets</Filter>
    </ClInclude>
    <ClInclude Include="lvgl\src\widgets\lv_textarea.h">
      <Filter>lvgl\src\widgets</Filter>
    </ClInclude>
    <ClInclude Include="lvgl\src\lvgl.h">
      <Filter>lvgl\src</Filter>
    </ClInclude>
    <ClInclude Include="lvgl\src\lv_api_map.h">
      <Filter>lvgl\src</Filter>
    </ClInclude>
    <ClInclude Include="lvgl\src\lv_conf_internal.h">
      <Filter>lvgl\src</Filter>
    </ClInclude>
    <ClInclude Include="lvgl\src\lv_conf_kconfig.h">
      <Filter>lvgl\src</Filter>
    </ClInclude>
    <ClInclude Include="lvgl\tests\lv_test_core\lv_test_core.h">
      <Filter>lvgl\tests\lv_test_core</Filter>
    </ClInclude>
    <ClInclude Include="lvgl\tests\lv_test_core\lv_test_font_loader.h">
      <Filter>lvgl\tests\lv_test_core</Filter>
    </ClInclude>
    <ClInclude Include="lvgl\tests\lv_test_core\lv_test_obj.h">
      <Filter>lvgl\tests\lv_test_core</Filter>
    </ClInclude>
    <ClInclude Include="lvgl\tests\lv_test_core\lv_test_style.h">
      <Filter>lvgl\tests\lv_test_core</Filter>
    </ClInclude>
    <ClInclude Include="lvgl\tests\lv_test_widgets\lv_test_label.h">
      <Filter>lvgl\tests\lv_test_widgets</Filter>
    </ClInclude>
    <ClInclude Include="lvgl\tests\lv_test_assert.h">
      <Filter>lvgl\tests</Filter>
    </ClInclude>
    <ClInclude Include="lvgl\tests\lv_test_conf.h">
      <Filter>lvgl\tests</Filter>
    </ClInclude>
    <ClInclude Include="lvgl\lvgl.h">
      <Filter>lvgl</Filter>
    </ClInclude>
    <ClInclude Include="lvgl\lv_conf_template.h">
      <Filter>lvgl</Filter>
    </ClInclude>
    <ClInclude Include="lvgl\src\core\lv_event.h">
      <Filter>lvgl\src\core</Filter>
    </ClInclude>
    <ClInclude Include="app\app.h">
      <Filter>app</Filter>
    </ClInclude>
    <ClInclude Include="app\lv_layout_preview.h">
      <Filter>app</Filter>
    </ClInclude>
    <ClInclude Include="lvgl\src\extra\widgets\chart\lv_chart.h">
      <Filter>lvgl\src\extra\widgets\chart</Filter>
    </ClInclude>
    <ClInclude Include="lvgl\src\extra\widgets\meter\lv_meter.h">
      <Filter>lvgl\src\extra\widgets\meter</Filter>
    </ClInclude>
  </ItemGroup>
  <ItemGroup>
    <ClCompile Include="lvgl\src\core\lv_disp.c">
      <Filter>lvgl\src\core</Filter>
    </ClCompile>
    <ClCompile Include="lvgl\src\core\lv_group.c">
      <Filter>lvgl\src\core</Filter>
    </ClCompile>
    <ClCompile Include="lvgl\src\core\lv_indev.c">
      <Filter>lvgl\src\core</Filter>
    </ClCompile>
    <ClCompile Include="lvgl\src\core\lv_indev_scroll.c">
      <Filter>lvgl\src\core</Filter>
    </ClCompile>
    <ClCompile Include="lvgl\src\core\lv_obj.c">
      <Filter>lvgl\src\core</Filter>
    </ClCompile>
    <ClCompile Include="lvgl\src\core\lv_obj_class.c">
      <Filter>lvgl\src\core</Filter>
    </ClCompile>
    <ClCompile Include="lvgl\src\core\lv_obj_draw.c">
      <Filter>lvgl\src\core</Filter>
    </ClCompile>
    <ClCompile Include="lvgl\src\core\lv_obj_pos.c">
      <Filter>lvgl\src\core</Filter>
    </ClCompile>
    <ClCompile Include="lvgl\src\core\lv_obj_scroll.c">
      <Filter>lvgl\src\core</Filter>
    </ClCompile>
    <ClCompile Include="lvgl\src\core\lv_obj_style.c">
      <Filter>lvgl\src\core</Filter>
    </ClCompile>
    <ClCompile Include="lvgl\src\core\lv_obj_tree.c">
      <Filter>lvgl\src\core</Filter>
    </ClCompile>
    <ClCompile Include="lvgl\src\core\lv_refr.c">
      <Filter>lvgl\src\core</Filter>
    </ClCompile>
    <ClCompile Include="lvgl\src\core\lv_theme.c">
      <Filter>lvgl\src\core</Filter>
    </ClCompile>
    <ClCompile Include="lvgl\src\draw\lv_draw_arc.c">
      <Filter>lvgl\src\draw</Filter>
    </ClCompile>
    <ClCompile Include="lvgl\src\draw\lv_draw_blend.c">
      <Filter>lvgl\src\draw</Filter>
    </ClCompile>
    <ClCompile Include="lvgl\src\draw\lv_draw_img.c">
      <Filter>lvgl\src\draw</Filter>
    </ClCompile>
    <ClCompile Include="lvgl\src\draw\lv_draw_label.c">
      <Filter>lvgl\src\draw</Filter>
    </ClCompile>
    <ClCompile Include="lvgl\src\draw\lv_draw_line.c">
      <Filter>lvgl\src\draw</Filter>
    </ClCompile>
    <ClCompile Include="lvgl\src\draw\lv_draw_mask.c">
      <Filter>lvgl\src\draw</Filter>
    </ClCompile>
    <ClCompile Include="lvgl\src\draw\lv_draw_rect.c">
      <Filter>lvgl\src\draw</Filter>
    </ClCompile>
    <ClCompile Include="lvgl\src\draw\lv_draw_triangle.c">
      <Filter>lvgl\src\draw</Filter>
    </ClCompile>
    <ClCompile Include="lvgl\src\draw\lv_img_buf.c">
      <Filter>lvgl\src\draw</Filter>
    </ClCompile>
    <ClCompile Include="lvgl\src\draw\lv_img_cache.c">
      <Filter>lvgl\src\draw</Filter>
    </ClCompile>
    <ClCompile Include="lvgl\src\draw\lv_img_decoder.c">
      <Filter>lvgl\src\draw</Filter>
    </ClCompile>
    <ClCompile Include="lvgl\src\extra\layouts\flex\lv_flex.c">
      <Filter>lvgl\src\extra\layouts\flex</Filter>
    </ClCompile>
    <ClCompile Include="lvgl\src\extra\layouts\grid\lv_grid.c">
      <Filter>lvgl\src\extra\layouts\grid</Filter>
    </ClCompile>
    <ClCompile Include="lvgl\src\extra\themes\basic\lv_theme_basic.c">
      <Filter>lvgl\src\extra\themes\basic</Filter>
    </ClCompile>
    <ClCompile Include="lvgl\src\extra\themes\default\lv_theme_default.c">
      <Filter>lvgl\src\extra\themes\default</Filter>
    </ClCompile>
    <ClCompile Include="lvgl\src\extra\widgets\calendar\lv_calendar.c">
      <Filter>lvgl\src\extra\widgets\calendar</Filter>
    </ClCompile>
    <ClCompile Include="lvgl\src\extra\widgets\calendar\lv_calendar_header_arrow.c">
      <Filter>lvgl\src\extra\widgets\calendar</Filter>
    </ClCompile>
    <ClCompile Include="lvgl\src\extra\widgets\calendar\lv_calendar_header_dropdown.c">
      <Filter>lvgl\src\extra\widgets\calendar</Filter>
    </ClCompile>
    <ClCompile Include="lvgl\src\extra\widgets\colorwheel\lv_colorwheel.c">
      <Filter>lvgl\src\extra\widgets\colorwheel</Filter>
    </ClCompile>
    <ClCompile Include="lvgl\src\extra\widgets\imgbtn\lv_imgbtn.c">
      <Filter>lvgl\src\extra\widgets\imgbtn</Filter>
    </ClCompile>
    <ClCompile Include="lvgl\src\extra\widgets\keyboard\lv_keyboard.c">
      <Filter>lvgl\src\extra\widgets\keyboard</Filter>
    </ClCompile>
    <ClCompile Include="lvgl\src\extra\widgets\led\lv_led.c">
      <Filter>lvgl\src\extra\widgets\led</Filter>
    </ClCompile>
    <ClCompile Include="lvgl\src\extra\widgets\list\lv_list.c">
      <Filter>lvgl\src\extra\widgets\list</Filter>
    </ClCompile>
    <ClCompile Include="lvgl\src\extra\widgets\msgbox\lv_msgbox.c">
      <Filter>lvgl\src\extra\widgets\msgbox</Filter>
    </ClCompile>
    <ClCompile Include="lvgl\src\extra\widgets\spinbox\lv_spinbox.c">
      <Filter>lvgl\src\extra\widgets\spinbox</Filter>
    </ClCompile>
    <ClCompile Include="lvgl\src\extra\widgets\spinner\lv_spinner.c">
      <Filter>lvgl\src\extra\widgets\spinner</Filter>
    </ClCompile>
    <ClCompile Include="lvgl\src\extra\widgets\tabview\lv_tabview.c">
      <Filter>lvgl\src\extra\widgets\tabview</Filter>
    </ClCompile>
    <ClCompile Include="lvgl\src\extra\widgets\tileview\lv_tileview.c">
      <Filter>lvgl\src\extra\widgets\tileview</Filter>
    </ClCompile>
    <ClCompile Include="lvgl\src\extra\widgets\win\lv_win.c">
      <Filter>lvgl\src\extra\widgets\win</Filter>
    </ClCompile>
    <ClCompile Include="lvgl\src\extra\lv_extra.c">
      <Filter>lvgl\src\extra</Filter>
    </ClCompile>
    <ClCompile Include="lvgl\src\font\lv_font.c">
      <Filter>lvgl\src\font</Filter>
    </ClCompile>
    <ClCompile Include="lvgl\src\font\lv_font_dejavu_16_persian_hebrew.c">
      <Filter>lvgl\src\font</Filter>
    </ClCompile>
    <ClCompile Include="lvgl\src\font\lv_font_fmt_txt.c">
      <Filter>lvgl\src\font</Filter>
    </ClCompile>
    <ClCompile Include="lvgl\src\font\lv_font_loader.c">
      <Filter>lvgl\src\font</Filter>
    </ClCompile>
    <ClCompile Include="lvgl\src\font\lv_font_montserrat_10.c">
      <Filter>lvgl\src\font</Filter>
    </ClCompile>
    <ClCompile Include="lvgl\src\font\lv_font_montserrat_12.c">
      <Filter>lvgl\src\font</Filter>
    </ClCompile>
    <ClCompile Include="lvgl\src\font\lv_font_montserrat_12_subpx.c">
      <Filter>lvgl\src\font</Filter>
    </ClCompile>
    <ClCompile Include="lvgl\src\font\lv_font_montserrat_14.c">
      <Filter>lvgl\src\font</Filter>
    </ClCompile>
    <ClCompile Include="lvgl\src\font\lv_font_montserrat_16.c">
      <Filter>lvgl\src\font</Filter>
    </ClCompile>
    <ClCompile Include="lvgl\src\font\lv_font_montserrat_18.c">
      <Filter>lvgl\src\font</Filter>
    </ClCompile>
    <ClCompile Include="lvgl\src\font\lv_font_montserrat_20.c">
      <Filter>lvgl\src\font</Filter>
    </ClCompile>
    <ClCompile Include="lvgl\src\font\lv_font_montserrat_22.c">
      <Filter>lvgl\src\font</Filter>
    </ClCompile>
    <ClCompile Include="lvgl\src\font\lv_font_montserrat_24.c">
      <Filter>lvgl\src\font</Filter>
    </ClCompile>
    <ClCompile Include="lvgl\src\font\lv_font_montserrat_26.c">
      <Filter>lvgl\src\font</Filter>
    </ClCompile>
    <ClCompile Include="lvgl\src\font\lv_font_montserrat_28.c">
      <Filter>lvgl\src\font</Filter>
    </ClCompile>
    <ClCompile Include="lvgl\src\font\lv_font_montserrat_28_compressed.c">
      <Filter>lvgl\src\font</Filter>
    </ClCompile>
    <ClCompile Include="lvgl\src\font\lv_font_montserrat_30.c">
      <Filter>lvgl\src\font</Filter>
    </ClCompile>
    <ClCompile Include="lvgl\src\font\lv_font_montserrat_32.c">
      <Filter>lvgl\src\font</Filter>
    </ClCompile>
    <ClCompile Include="lvgl\src\font\lv_font_montserrat_34.c">
      <Filter>lvgl\src\font</Filter>
    </ClCompile>
    <ClCompile Include="lvgl\src\font\lv_font_montserrat_36.c">
      <Filter>lvgl\src\font</Filter>
    </ClCompile>
    <ClCompile Include="lvgl\src\font\lv_font_montserrat_38.c">
      <Filter>lvgl\src\font</Filter>
    </ClCompile>
    <ClCompile Include="lvgl\src\font\lv_font_montserrat_40.c">
      <Filter>lvgl\src\font</Filter>
    </ClCompile>
    <ClCompile Include="lvgl\src\font\lv_font_montserrat_42.c">
      <Filter>lvgl\src\font</Filter>
    </ClCompile>
    <ClCompile Include="lvgl\src\font\lv_font_montserrat_44.c">
      <Filter>lvgl\src\font</Filter>
    </ClCompile>
    <ClCompile Include="lvgl\src\font\lv_font_montserrat_46.c">
      <Filter>lvgl\src\font</Filter>
    </ClCompile>
    <ClCompile Include="lvgl\src\font\lv_font_montserrat_48.c">
      <Filter>lvgl\src\font</Filter>
    </ClCompile>
    <ClCompile Include="lvgl\src\font\lv_font_montserrat_8.c">
      <Filter>lvgl\src\font</Filter>
    </ClCompile>
    <ClCompile Include="lvgl\src\font\lv_font_simsun_16_cjk.c">
      <Filter>lvgl\src\font</Filter>
    </ClCompile>
    <ClCompile Include="lvgl\src\font\lv_font_unscii_16.c">
      <Filter>lvgl\src\font</Filter>
    </ClCompile>
    <ClCompile Include="lvgl\src\font\lv_font_unscii_8.c">
      <Filter>lvgl\src\font</Filter>
    </ClCompile>
    <ClCompile Include="lvgl\src\gpu\lv_gpu_nxp_pxp.c">
      <Filter>lvgl\src\gpu</Filter>
    </ClCompile>
    <ClCompile Include="lvgl\src\gpu\lv_gpu_nxp_pxp_osa.c">
      <Filter>lvgl\src\gpu</Filter>
    </ClCompile>
    <ClCompile Include="lvgl\src\gpu\lv_gpu_nxp_vglite.c">
      <Filter>lvgl\src\gpu</Filter>
    </ClCompile>
    <ClCompile Include="lvgl\src\gpu\lv_gpu_stm32_dma2d.c">
      <Filter>lvgl\src\gpu</Filter>
    </ClCompile>
    <ClCompile Include="lvgl\src\hal\lv_hal_disp.c">
      <Filter>lvgl\src\hal</Filter>
    </ClCompile>
    <ClCompile Include="lvgl\src\hal\lv_hal_indev.c">
      <Filter>lvgl\src\hal</Filter>
    </ClCompile>
    <ClCompile Include="lvgl\src\hal\lv_hal_tick.c">
      <Filter>lvgl\src\hal</Filter>
    </ClCompile>
    <ClCompile Include="lvgl\src\misc\lv_anim.c">
      <Filter>lvgl\src\misc</Filter>
    </ClCompile>
    <ClCompile Include="lvgl\src\misc\lv_area.c">
      <Filter>lvgl\src\misc</Filter>
    </ClCompile>
    <ClCompile Include="lvgl\src\misc\lv_async.c">
      <Filter>lvgl\src\misc</Filter>
    </ClCompile>
    <ClCompile Include="lvgl\src\misc\lv_bidi.c">
      <Filter>lvgl\src\misc</Filter>
    </ClCompile>
    <ClCompile Include="lvgl\src\misc\lv_color.c">
      <Filter>lvgl\src\misc</Filter>
    </ClCompile>
    <ClCompile Include="lvgl\src\misc\lv_fs.c">
      <Filter>lvgl\src\misc</Filter>
    </ClCompile>
    <ClCompile Include="lvgl\src\misc\lv_gc.c">
      <Filter>lvgl\src\misc</Filter>
    </ClCompile>
    <ClCompile Include="lvgl\src\misc\lv_ll.c">
      <Filter>lvgl\src\misc</Filter>
    </ClCompile>
    <ClCompile Include="lvgl\src\misc\lv_log.c">
      <Filter>lvgl\src\misc</Filter>
    </ClCompile>
    <ClCompile Include="lvgl\src\misc\lv_math.c">
      <Filter>lvgl\src\misc</Filter>
    </ClCompile>
    <ClCompile Include="lvgl\src\misc\lv_mem.c">
      <Filter>lvgl\src\misc</Filter>
    </ClCompile>
    <ClCompile Include="lvgl\src\misc\lv_printf.c">
      <Filter>lvgl\src\misc</Filter>
    </ClCompile>
    <ClCompile Include="lvgl\src\misc\lv_style.c">
      <Filter>lvgl\src\misc</Filter>
    </ClCompile>
    <ClCompile Include="lvgl\src\misc\lv_templ.c">
      <Filter>lvgl\src\misc</Filter>
    </ClCompile>
    <ClCompile Include="lvgl\src\misc\lv_timer.c">
      <Filter>lvgl\src\misc</Filter>
    </ClCompile>
    <ClCompile Include="lvgl\src\misc\lv_tlsf.c">
      <Filter>lvgl\src\misc</Filter>
    </ClCompile>
    <ClCompile Include="lvgl\src\misc\lv_txt.c">
      <Filter>lvgl\src\misc</Filter>
    </ClCompile>
    <ClCompile Include="lvgl\src\misc\lv_txt_ap.c">
      <Filter>lvgl\src\misc</Filter>
    </ClCompile>
    <ClCompile Include="lvgl\src\misc\lv_utils.c">
      <Filter>lvgl\src\misc</Filter>
    </ClCompile>
    <ClCompile Include="lvgl\src\widgets\lv_arc.c">
      <Filter>lvgl\src\widgets</Filter>
    </ClCompile>
    <ClCompile Include="lvgl\src\widgets\lv_bar.c">
      <Filter>lvgl\src\widgets</Filter>
    </ClCompile>
    <ClCompile Include="lvgl\src\widgets\lv_btn.c">
      <Filter>lvgl\src\widgets</Filter>
    </ClCompile>
    <ClCompile Include="lvgl\src\widgets\lv_btnmatrix.c">
      <Filter>lvgl\src\widgets</Filter>
    </ClCompile>
    <ClCompile Include="lvgl\src\widgets\lv_canvas.c">
      <Filter>lvgl\src\widgets</Filter>
    </ClCompile>
    <ClCompile Include="lvgl\src\widgets\lv_checkbox.c">
      <Filter>lvgl\src\widgets</Filter>
    </ClCompile>
    <ClCompile Include="lvgl\src\widgets\lv_dropdown.c">
      <Filter>lvgl\src\widgets</Filter>
    </ClCompile>
    <ClCompile Include="lvgl\src\widgets\lv_img.c">
      <Filter>lvgl\src\widgets</Filter>
    </ClCompile>
    <ClCompile Include="lvgl\src\widgets\lv_label.c">
      <Filter>lvgl\src\widgets</Filter>
    </ClCompile>
    <ClCompile Include="lvgl\src\widgets\lv_line.c">
      <Filter>lvgl\src\widgets</Filter>
    </ClCompile>
    <ClCompile Include="lvgl\src\widgets\lv_objx_templ.c">
      <Filter>lvgl\src\widgets</Filter>
    </ClCompile>
    <ClCompile Include="lvgl\src\widgets\lv_roller.c">
      <Filter>lvgl\src\widgets</Filter>
    </ClCompile>
    <ClCompile Include="lvgl\src\widgets\lv_slider.c">
      <Filter>lvgl\src\widgets</Filter>
    </ClCompile>
    <ClCompile Include="lvgl\src\widgets\lv_switch.c">
      <Filter>lvgl\src\widgets</Filter>
    </ClCompile>
    <ClCompile Include="lvgl\src\widgets\lv_table.c">
      <Filter>lvgl\src\widgets</Filter>
    </ClCompile>
    <ClCompile Include="lvgl\src\widgets\lv_textarea.c">
      <Filter>lvgl\src\widgets</Filter>
    </ClCompile>
    <ClCompile Include="lvgl\tests\lv_test_core\lv_test_core.c">
      <Filter>lvgl\tests\lv_test_core</Filter>
    </ClCompile>
    <ClCompile Include="lvgl\tests\lv_test_core\lv_test_font_loader.c">
      <Filter>lvgl\tests\lv_test_core</Filter>
    </ClCompile>
    <ClCompile Include="lvgl\tests\lv_test_core\lv_test_obj.c">
      <Filter>lvgl\tests\lv_test_core</Filter>
    </ClCompile>
    <ClCompile Include="lvgl\tests\lv_test_core\lv_test_style.c">
      <Filter>lvgl\tests\lv_test_core</Filter>
    </ClCompile>
    <ClCompile Include="lvgl\tests\lv_test_fonts\font_1.c">
      <Filter>lvgl\tests\lv_test_fonts</Filter>
    </ClCompile>
    <ClCompile Include="lvgl\tests\lv_test_fonts\font_2.c">
      <Filter>lvgl\tests\lv_test_fonts</Filter>
    </ClCompile>
    <ClCompile Include="lvgl\tests\lv_test_fonts\font_3.c">
      <Filter>lvgl\tests\lv_test_fonts</Filter>
    </ClCompile>
    <ClCompile Include="lvgl\tests\lv_test_widgets\lv_test_label.c">
      <Filter>lvgl\tests\lv_test_widgets</Filter>
    </ClCompile>
    <ClCompile Include="lvgl\tests\lv_test_assert.c">
      <Filter>lvgl\tests</Filter>
    </ClCompile>
    <ClCompile Include="lvgl\tests\lv_test_main.c">
      <Filter>lvgl\tests</Filter>
    </ClCompile>
    <ClCompile Include="lvgl\src\core\lv_event.c">
      <Filter>lvgl\src\core</Filter>
    </ClCompile>
    <ClCompile Include="app\app.c">
      <Filter>app</Filter>
    </ClCompile>
    <ClCompile Include="app\lv_layout_preview.c">
      <Filter>app</Filter>
    </ClCompile>
    <ClCompile Include="app\view.c">
      <Filter>app</Filter>
    </ClCompile>
    <ClCompile Include="app\ctrl_pad.c">
      <Filter>app</Filter>
    </ClCompile>
    <ClCompile Include="app\flex_loader.c">
      <Filter>app</Filter>
    </ClCompile>
    <ClCompile Include="lvgl\src\extra\widgets\chart\lv_chart.c">
      <Filter>lvgl\src\extra\widgets\chart</Filter>
    </ClCompile>
    <ClCompile Include="lvgl\src\extra\widgets\meter\lv_meter.c">
      <Filter>lvgl\src\extra\widgets\meter</Filter>
    </ClCompile>
    <ClCompile Include="app\view_ctrl_pad.c">
      <Filter>app</Filter>
    </ClCompile>
    <ClCompile Include="app\view_child_node.c">
      <Filter>app</Filter>
    </ClCompile>
  </ItemGroup>
  <ItemGroup>
    <None Include="lvgl\.github\ISSUE_TEMPLATE\bug-report.md">
      <Filter>lvgl\.github\ISSUE_TEMPLATE</Filter>
    </None>
    <None Include="lvgl\.github\ISSUE_TEMPLATE\config.yml">
      <Filter>lvgl\.github\ISSUE_TEMPLATE</Filter>
    </None>
    <None Include="lvgl\.github\ISSUE_TEMPLATE\dev-discussion.md">
      <Filter>lvgl\.github\ISSUE_TEMPLATE</Filter>
    </None>
    <None Include="lvgl\.github\workflows\build_micropython.yml">
      <Filter>lvgl\.github\workflows</Filter>
    </None>
    <None Include="lvgl\.github\workflows\ccpp.yml">
      <Filter>lvgl\.github\workflows</Filter>
    </None>
    <None Include="lvgl\.github\workflows\main.yml">
      <Filter>lvgl\.github\workflows</Filter>
    </None>
    <None Include="lvgl\.github\workflows\release.yml">
      <Filter>lvgl\.github\workflows</Filter>
    </None>
    <None Include="lvgl\.github\auto-comment.yml">
      <Filter>lvgl\.github</Filter>
    </None>
    <None Include="lvgl\.github\FUNDING.yml">
      <Filter>lvgl\.github</Filter>
    </None>
    <None Include="lvgl\.github\pull_request_template.md">
      <Filter>lvgl\.github</Filter>
    </None>
    <None Include="lvgl\.github\stale.yml">
      <Filter>lvgl\.github</Filter>
    </None>
    <None Include="lvgl\docs\get-started\arduino.md">
      <Filter>lvgl\docs\get-started</Filter>
    </None>
    <None Include="lvgl\docs\get-started\espressif.md">
      <Filter>lvgl\docs\get-started</Filter>
    </None>
    <None Include="lvgl\docs\get-started\index.md">
      <Filter>lvgl\docs\get-started</Filter>
    </None>
    <None Include="lvgl\docs\get-started\micropython.md">
      <Filter>lvgl\docs\get-started</Filter>
    </None>
    <None Include="lvgl\docs\get-started\nuttx.md">
      <Filter>lvgl\docs\get-started</Filter>
    </None>
    <None Include="lvgl\docs\get-started\nxp.md">
      <Filter>lvgl\docs\get-started</Filter>
    </None>
    <None Include="lvgl\docs\get-started\pc-simulator.md">
      <Filter>lvgl\docs\get-started</Filter>
    </None>
    <None Include="lvgl\docs\get-started\quick-overview.md">
      <Filter>lvgl\docs\get-started</Filter>
    </None>
    <None Include="lvgl\docs\get-started\stm32.md">
      <Filter>lvgl\docs\get-started</Filter>
    </None>
    <None Include="lvgl\docs\intro\index.md">
      <Filter>lvgl\docs\intro</Filter>
    </None>
    <None Include="lvgl\docs\layouts\flex.md">
      <Filter>lvgl\docs\layouts</Filter>
    </None>
    <None Include="lvgl\docs\layouts\grid.md">
      <Filter>lvgl\docs\layouts</Filter>
    </None>
    <None Include="lvgl\docs\layouts\index.md">
      <Filter>lvgl\docs\layouts</Filter>
    </None>
    <None Include="lvgl\docs\misc\align.png">
      <Filter>lvgl\docs\misc</Filter>
    </None>
    <None Include="lvgl\docs\misc\bidi.png">
      <Filter>lvgl\docs\misc</Filter>
    </None>
    <None Include="lvgl\docs\misc\button_style_example.gif">
      <Filter>lvgl\docs\misc</Filter>
    </None>
    <None Include="lvgl\docs\misc\button_style_example.png">
      <Filter>lvgl\docs\misc</Filter>
    </None>
    <None Include="lvgl\docs\misc\codeblocks.jpg">
      <Filter>lvgl\docs\misc</Filter>
    </None>
    <None Include="lvgl\docs\misc\eclipse.jpg">
      <Filter>lvgl\docs\misc</Filter>
    </None>
    <None Include="lvgl\docs\misc\layers.png">
      <Filter>lvgl\docs\misc</Filter>
    </None>
    <None Include="lvgl\docs\misc\list_theme_example.gif">
      <Filter>lvgl\docs\misc</Filter>
    </None>
    <None Include="lvgl\docs\misc\list_theme_example.png">
      <Filter>lvgl\docs\misc</Filter>
    </None>
    <None Include="lvgl\docs\misc\lv_theme_intro.png">
      <Filter>lvgl\docs\misc</Filter>
    </None>
    <None Include="lvgl\docs\misc\par_child1.png">
      <Filter>lvgl\docs\misc</Filter>
    </None>
    <None Include="lvgl\docs\misc\par_child2.png">
      <Filter>lvgl\docs\misc</Filter>
    </None>
    <None Include="lvgl\docs\misc\par_child3.png">
      <Filter>lvgl\docs\misc</Filter>
    </None>
    <None Include="lvgl\docs\misc\platformio.jpg">
      <Filter>lvgl\docs\misc</Filter>
    </None>
    <None Include="lvgl\docs\misc\qtcreator.jpg">
      <Filter>lvgl\docs\misc</Filter>
    </None>
    <None Include="lvgl\docs\misc\simple_button_example.gif">
      <Filter>lvgl\docs\misc</Filter>
    </None>
    <None Include="lvgl\docs\misc\simple_button_example.png">
      <Filter>lvgl\docs\misc</Filter>
    </None>
    <None Include="lvgl\docs\misc\slider_example.gif">
      <Filter>lvgl\docs\misc</Filter>
    </None>
    <None Include="lvgl\docs\misc\slider_example.png">
      <Filter>lvgl\docs\misc</Filter>
    </None>
    <None Include="lvgl\docs\misc\style-built-in.png">
      <Filter>lvgl\docs\misc</Filter>
    </None>
    <None Include="lvgl\docs\misc\style-example.png">
      <Filter>lvgl\docs\misc</Filter>
    </None>
    <None Include="lvgl\docs\misc\symbols.png">
      <Filter>lvgl\docs\misc</Filter>
    </None>
    <None Include="lvgl\docs\misc\sys.png">
      <Filter>lvgl\docs\misc</Filter>
    </None>
    <None Include="lvgl\docs\misc\theme-example.png">
      <Filter>lvgl\docs\misc</Filter>
    </None>
    <None Include="lvgl\docs\misc\visualstudio.jpg">
      <Filter>lvgl\docs\misc</Filter>
    </None>
    <None Include="lvgl\docs\overview\animation.md">
      <Filter>lvgl\docs\overview</Filter>
    </None>
    <None Include="lvgl\docs\overview\coords.md">
      <Filter>lvgl\docs\overview</Filter>
    </None>
    <None Include="lvgl\docs\overview\display.md">
      <Filter>lvgl\docs\overview</Filter>
    </None>
    <None Include="lvgl\docs\overview\drawing.md">
      <Filter>lvgl\docs\overview</Filter>
    </None>
    <None Include="lvgl\docs\overview\event.md">
      <Filter>lvgl\docs\overview</Filter>
    </None>
    <None Include="lvgl\docs\overview\file-system.md">
      <Filter>lvgl\docs\overview</Filter>
    </None>
    <None Include="lvgl\docs\overview\font.md">
      <Filter>lvgl\docs\overview</Filter>
    </None>
    <None Include="lvgl\docs\overview\image.md">
      <Filter>lvgl\docs\overview</Filter>
    </None>
    <None Include="lvgl\docs\overview\indev.md">
      <Filter>lvgl\docs\overview</Filter>
    </None>
    <None Include="lvgl\docs\overview\index.md">
      <Filter>lvgl\docs\overview</Filter>
    </None>
    <None Include="lvgl\docs\overview\layer.md">
      <Filter>lvgl\docs\overview</Filter>
    </None>
    <None Include="lvgl\docs\overview\new_widget.md">
      <Filter>lvgl\docs\overview</Filter>
    </None>
    <None Include="lvgl\docs\overview\object.md">
      <Filter>lvgl\docs\overview</Filter>
    </None>
    <None Include="lvgl\docs\overview\scroll.md">
      <Filter>lvgl\docs\overview</Filter>
    </None>
    <None Include="lvgl\docs\overview\style.md">
      <Filter>lvgl\docs\overview</Filter>
    </None>
    <None Include="lvgl\docs\overview\timer.md">
      <Filter>lvgl\docs\overview</Filter>
    </None>
    <None Include="lvgl\docs\porting\display.md">
      <Filter>lvgl\docs\porting</Filter>
    </None>
    <None Include="lvgl\docs\porting\indev.md">
      <Filter>lvgl\docs\porting</Filter>
    </None>
    <None Include="lvgl\docs\porting\index.md">
      <Filter>lvgl\docs\porting</Filter>
    </None>
    <None Include="lvgl\docs\porting\log.md">
      <Filter>lvgl\docs\porting</Filter>
    </None>
    <None Include="lvgl\docs\porting\os.md">
      <Filter>lvgl\docs\porting</Filter>
    </None>
    <None Include="lvgl\docs\porting\project.md">
      <Filter>lvgl\docs\porting</Filter>
    </None>
    <None Include="lvgl\docs\porting\sleep.md">
      <Filter>lvgl\docs\porting</Filter>
    </None>
    <None Include="lvgl\docs\porting\sys.md">
      <Filter>lvgl\docs\porting</Filter>
    </None>
    <None Include="lvgl\docs\porting\task-handler.md">
      <Filter>lvgl\docs\porting</Filter>
    </None>
    <None Include="lvgl\docs\porting\tick.md">
      <Filter>lvgl\docs\porting</Filter>
    </None>
    <None Include="lvgl\docs\widgets\arc.md">
      <Filter>lvgl\docs\widgets</Filter>
    </None>
    <None Include="lvgl\docs\widgets\bar.md">
      <Filter>lvgl\docs\widgets</Filter>
    </None>
    <None Include="lvgl\docs\widgets\btn.md">
      <Filter>lvgl\docs\widgets</Filter>
    </None>
    <None Include="lvgl\docs\widgets\btnmatrix.md">
      <Filter>lvgl\docs\widgets</Filter>
    </None>
    <None Include="lvgl\docs\widgets\calendar.md">
      <Filter>lvgl\docs\widgets</Filter>
    </None>
    <None Include="lvgl\docs\widgets\canvas.md">
      <Filter>lvgl\docs\widgets</Filter>
    </None>
    <None Include="lvgl\docs\widgets\chart.md">
      <Filter>lvgl\docs\widgets</Filter>
    </None>
    <None Include="lvgl\docs\widgets\checkbox.md">
      <Filter>lvgl\docs\widgets</Filter>
    </None>
    <None Include="lvgl\docs\widgets\cont.md">
      <Filter>lvgl\docs\widgets</Filter>
    </None>
    <None Include="lvgl\docs\widgets\cpicker.md">
      <Filter>lvgl\docs\widgets</Filter>
    </None>
    <None Include="lvgl\docs\widgets\dropdown.md">
      <Filter>lvgl\docs\widgets</Filter>
    </None>
    <None Include="lvgl\docs\widgets\gauge.md">
      <Filter>lvgl\docs\widgets</Filter>
    </None>
    <None Include="lvgl\docs\widgets\img.md">
      <Filter>lvgl\docs\widgets</Filter>
    </None>
    <None Include="lvgl\docs\widgets\imgbtn.md">
      <Filter>lvgl\docs\widgets</Filter>
    </None>
    <None Include="lvgl\docs\widgets\index.md">
      <Filter>lvgl\docs\widgets</Filter>
    </None>
    <None Include="lvgl\docs\widgets\keyboard.md">
      <Filter>lvgl\docs\widgets</Filter>
    </None>
    <None Include="lvgl\docs\widgets\label.md">
      <Filter>lvgl\docs\widgets</Filter>
    </None>
    <None Include="lvgl\docs\widgets\led.md">
      <Filter>lvgl\docs\widgets</Filter>
    </None>
    <None Include="lvgl\docs\widgets\line.md">
      <Filter>lvgl\docs\widgets</Filter>
    </None>
    <None Include="lvgl\docs\widgets\linemeter.md">
      <Filter>lvgl\docs\widgets</Filter>
    </None>
    <None Include="lvgl\docs\widgets\list.md">
      <Filter>lvgl\docs\widgets</Filter>
    </None>
    <None Include="lvgl\docs\widgets\msgbox.md">
      <Filter>lvgl\docs\widgets</Filter>
    </None>
    <None Include="lvgl\docs\widgets\obj.md">
      <Filter>lvgl\docs\widgets</Filter>
    </None>
    <None Include="lvgl\docs\widgets\objmask.md">
      <Filter>lvgl\docs\widgets</Filter>
    </None>
    <None Include="lvgl\docs\widgets\page.md">
      <Filter>lvgl\docs\widgets</Filter>
    </None>
    <None Include="lvgl\docs\widgets\roller.md">
      <Filter>lvgl\docs\widgets</Filter>
    </None>
    <None Include="lvgl\docs\widgets\slider.md">
      <Filter>lvgl\docs\widgets</Filter>
    </None>
    <None Include="lvgl\docs\widgets\spinbox.md">
      <Filter>lvgl\docs\widgets</Filter>
    </None>
    <None Include="lvgl\docs\widgets\spinner.md">
      <Filter>lvgl\docs\widgets</Filter>
    </None>
    <None Include="lvgl\docs\widgets\switch.md">
      <Filter>lvgl\docs\widgets</Filter>
    </None>
    <None Include="lvgl\docs\widgets\table.md">
      <Filter>lvgl\docs\widgets</Filter>
    </None>
    <None Include="lvgl\docs\widgets\tabview.md">
      <Filter>lvgl\docs\widgets</Filter>
    </None>
    <None Include="lvgl\docs\widgets\textarea.md">
      <Filter>lvgl\docs\widgets</Filter>
    </None>
    <None Include="lvgl\docs\widgets\tileview.md">
      <Filter>lvgl\docs\widgets</Filter>
    </None>
    <None Include="lvgl\docs\widgets\win.md">
      <Filter>lvgl\docs\widgets</Filter>
    </None>
    <None Include="lvgl\docs\CODE_OF_CONDUCT.md">
      <Filter>lvgl\docs</Filter>
    </None>
    <None Include="lvgl\docs\CODING_STYLE.md">
      <Filter>lvgl\docs</Filter>
    </None>
    <None Include="lvgl\docs\CONTRIBUTING.md">
      <Filter>lvgl\docs</Filter>
    </None>
    <None Include="lvgl\docs\ROADMAP.md">
      <Filter>lvgl\docs</Filter>
    </None>
    <None Include="lvgl\scripts\built_in_font\built_in_font_gen.py">
      <Filter>lvgl\scripts\built_in_font</Filter>
    </None>
    <None Include="lvgl\scripts\built_in_font\DejaVuSans.ttf">
      <Filter>lvgl\scripts\built_in_font</Filter>
    </None>
    <None Include="lvgl\scripts\built_in_font\FontAwesome5-Solid+Brands+Regular.woff">
      <Filter>lvgl\scripts\built_in_font</Filter>
    </None>
    <None Include="lvgl\scripts\built_in_font\generate_all.py">
      <Filter>lvgl\scripts\built_in_font</Filter>
    </None>
    <None Include="lvgl\scripts\built_in_font\Montserrat-Medium.ttf">
      <Filter>lvgl\scripts\built_in_font</Filter>
    </None>
    <None Include="lvgl\scripts\built_in_font\SimSun.woff">
      <Filter>lvgl\scripts\built_in_font</Filter>
    </None>
    <None Include="lvgl\scripts\built_in_font\unscii-8.ttf">
      <Filter>lvgl\scripts\built_in_font</Filter>
    </None>
    <None Include="lvgl\scripts\release\com.py">
      <Filter>lvgl\scripts\release</Filter>
    </None>
    <None Include="lvgl\scripts\release\dev.py">
      <Filter>lvgl\scripts\release</Filter>
    </None>
    <None Include="lvgl\scripts\release\main.py">
      <Filter>lvgl\scripts\release</Filter>
    </None>
    <None Include="lvgl\scripts\release\proj.py">
      <Filter>lvgl\scripts\release</Filter>
    </None>
    <None Include="lvgl\scripts\release\release.py">
      <Filter>lvgl\scripts\release</Filter>
    </None>
    <None Include="lvgl\scripts\code-format.cfg">
      <Filter>lvgl\scripts</Filter>
    </None>
    <None Include="lvgl\scripts\code-format.sh">
      <Filter>lvgl\scripts</Filter>
    </None>
    <None Include="lvgl\scripts\cppcheck_run.sh">
      <Filter>lvgl\scripts</Filter>
    </None>
    <None Include="lvgl\scripts\Doxyfile">
      <Filter>lvgl\scripts</Filter>
    </None>
    <None Include="lvgl\scripts\infer_run.sh">
      <Filter>lvgl\scripts</Filter>
    </None>
    <None Include="lvgl\scripts\lv_conf_checker.py">
      <Filter>lvgl\scripts</Filter>
    </None>
    <None Include="lvgl\scripts\style_api_gen.py">
      <Filter>lvgl\scripts</Filter>
    </None>
    <None Include="lvgl\src\core\lv_core.mk">
      <Filter>lvgl\src\core</Filter>
    </None>
    <None Include="lvgl\src\draw\lv_draw.mk">
      <Filter>lvgl\src\draw</Filter>
    </None>
    <None Include="lvgl\src\extra\extra.mk">
      <Filter>lvgl\src\extra</Filter>
    </None>
    <None Include="lvgl\src\font\lv_font.mk">
      <Filter>lvgl\src\font</Filter>
    </None>
    <None Include="lvgl\src\gpu\lv_gpu.mk">
      <Filter>lvgl\src\gpu</Filter>
    </None>
    <None Include="lvgl\src\hal\lv_hal.mk">
      <Filter>lvgl\src\hal</Filter>
    </None>
    <None Include="lvgl\src\misc\lv_misc.mk">
      <Filter>lvgl\src\misc</Filter>
    </None>
    <None Include="lvgl\src\widgets\lv_widgets.mk">
      <Filter>lvgl\src\widgets</Filter>
    </None>
    <None Include="lvgl\tests\lv_test_ref_imgs\lv_test_img32_label_1.png">
      <Filter>lvgl\tests\lv_test_ref_imgs</Filter>
    </None>
    <None Include="lvgl\tests\build.py">
      <Filter>lvgl\tests</Filter>
    </None>
    <None Include="lvgl\tests\font_1.fnt">
      <Filter>lvgl\tests</Filter>
    </None>
    <None Include="lvgl\tests\font_2.fnt">
      <Filter>lvgl\tests</Filter>
    </None>
    <None Include="lvgl\tests\font_3.fnt">
      <Filter>lvgl\tests</Filter>
    </None>
    <None Include="lvgl\tests\icon.png">
      <Filter>lvgl\tests</Filter>
    </None>
    <None Include="lvgl\tests\icon2.png">
      <Filter>lvgl\tests</Filter>
    </None>
    <None Include="lvgl\tests\Makefile">
      <Filter>lvgl\tests</Filter>
    </None>
    <None Include="lvgl\zephyr\module.yml">
      <Filter>lvgl\zephyr</Filter>
    </None>
    <None Include="lvgl\.editorconfig">
      <Filter>lvgl</Filter>
    </None>
    <None Include="lvgl\.git">
      <Filter>lvgl</Filter>
    </None>
    <None Include="lvgl\.gitignore">
      <Filter>lvgl</Filter>
    </None>
    <None Include="lvgl\.gitmodules">
      <Filter>lvgl</Filter>
    </None>
    <None Include="lvgl\CHANGELOG.md">
      <Filter>lvgl</Filter>
    </None>
    <None Include="lvgl\CMakeLists.txt">
      <Filter>lvgl</Filter>
    </None>
    <None Include="lvgl\component.mk">
      <Filter>lvgl</Filter>
    </None>
    <None Include="lvgl\Kconfig">
      <Filter>lvgl</Filter>
    </None>
    <None Include="lvgl\library.json">
      <Filter>lvgl</Filter>
    </None>
    <None Include="lvgl\library.properties">
      <Filter>lvgl</Filter>
    </None>
    <None Include="lvgl\LICENCE.txt">
      <Filter>lvgl</Filter>
    </None>
    <None Include="lvgl\lvgl.mk">
      <Filter>lvgl</Filter>
    </None>
    <None Include="lvgl\README.md">
      <Filter>lvgl</Filter>
    </None>
  </ItemGroup>
  <ItemGroup>
    <Filter Include="lv_drivers">
      <UniqueIdentifier>{0b649165-d8f4-4c24-a013-edb079ea77d3}</UniqueIdentifier>
    </Filter>
    <Filter Include="lv_drivers\.github">
      <UniqueIdentifier>{00ab8232-c5e3-43dd-8a98-1883e2f0a455}</UniqueIdentifier>
    </Filter>
    <Filter Include="lv_drivers\display">
      <UniqueIdentifier>{5cdcab7c-c178-4c57-b0e3-479d1992827c}</UniqueIdentifier>
    </Filter>
    <Filter Include="lv_drivers\docs">
      <UniqueIdentifier>{0691398e-18dc-4e41-9e7b-321576bcfd05}</UniqueIdentifier>
    </Filter>
    <Filter Include="lv_drivers\gtkdrv">
      <UniqueIdentifier>{4578c4f8-b7c2-4a1d-afc1-b03fd753e1bb}</UniqueIdentifier>
    </Filter>
    <Filter Include="lv_drivers\indev">
      <UniqueIdentifier>{a42359b9-e8e2-476f-af83-e8232ac96f68}</UniqueIdentifier>
    </Filter>
    <Filter Include="lv_drivers\wayland">
      <UniqueIdentifier>{483c32ae-15c7-49f7-9527-2101e93edc60}</UniqueIdentifier>
    </Filter>
    <Filter Include="lv_drivers\win32drv">
      <UniqueIdentifier>{de587906-6ff7-4047-a78b-01fb2e9f959a}</UniqueIdentifier>
    </Filter>
  </ItemGroup>
  <ItemGroup>
    <ClInclude Include="lv_drivers\display\drm.h">
      <Filter>lv_drivers\display</Filter>
    </ClInclude>
    <ClInclude Include="lv_drivers\display\fbdev.h">
      <Filter>lv_drivers\display</Filter>
    </ClInclude>
    <ClInclude Include="lv_drivers\display\GC9A01.h">
      <Filter>lv_drivers\display</Filter>
    </ClInclude>
    <ClInclude Include="lv_drivers\display\ILI9341.h">
      <Filter>lv_drivers\display</Filter>
    </ClInclude>
    <ClInclude Include="lv_drivers\display\monitor.h">
      <Filter>lv_drivers\display</Filter>
    </ClInclude>
    <ClInclude Include="lv_drivers\display\R61581.h">
      <Filter>lv_drivers\display</Filter>
    </ClInclude>
    <ClInclude Include="lv_drivers\display\SHARP_MIP.h">
      <Filter>lv_drivers\display</Filter>
    </ClInclude>
    <ClInclude Include="lv_drivers\display\SSD1963.h">
      <Filter>lv_drivers\display</Filter>
    </ClInclude>
    <ClInclude Include="lv_drivers\display\ST7565.h">
      <Filter>lv_drivers\display</Filter>
    </ClInclude>
    <ClInclude Include="lv_drivers\display\UC1610.h">
      <Filter>lv_drivers\display</Filter>
    </ClInclude>
    <ClInclude Include="lv_drivers\gtkdrv\gtkdrv.h">
      <Filter>lv_drivers\gtkdrv</Filter>
    </ClInclude>
    <ClInclude Include="lv_drivers\indev\AD_touch.h">
      <Filter>lv_drivers\indev</Filter>
    </ClInclude>
    <ClInclude Include="lv_drivers\indev\evdev.h">
      <Filter>lv_drivers\indev</Filter>
    </ClInclude>
    <ClInclude Include="lv_drivers\indev\FT5406EE8.h">
      <Filter>lv_drivers\indev</Filter>
    </ClInclude>
    <ClInclude Include="lv_drivers\indev\keyboard.h">
      <Filter>lv_drivers\indev</Filter>
    </ClInclude>
    <ClInclude Include="lv_drivers\indev\libinput_drv.h">
      <Filter>lv_drivers\indev</Filter>
    </ClInclude>
    <ClInclude Include="lv_drivers\indev\mouse.h">
      <Filter>lv_drivers\indev</Filter>
    </ClInclude>
    <ClInclude Include="lv_drivers\indev\mousewheel.h">
      <Filter>lv_drivers\indev</Filter>
    </ClInclude>
    <ClInclude Include="lv_drivers\indev\XPT2046.h">
      <Filter>lv_drivers\indev</Filter>
    </ClInclude>
    <ClInclude Include="lv_drivers\wayland\wayland.h">
      <Filter>lv_drivers\wayland</Filter>
    </ClInclude>
    <ClInclude Include="lv_drivers\win32drv\win32drv.h">
      <Filter>lv_drivers\win32drv</Filter>
    </ClInclude>
    <ClInclude Include="lv_drivers\lv_drv_conf_template.h">
      <Filter>lv_drivers</Filter>
    </ClInclude>
    <ClInclude Include="lv_drivers\win_drv.h">
      <Filter>lv_drivers</Filter>
    </ClInclude>
  </ItemGroup>
  <ItemGroup>
    <ClCompile Include="lv_drivers\display\drm.c">
      <Filter>lv_drivers\display</Filter>
    </ClCompile>
    <ClCompile Include="lv_drivers\display\fbdev.c">
      <Filter>lv_drivers\display</Filter>
    </ClCompile>
    <ClCompile Include="lv_drivers\display\GC9A01.c">
      <Filter>lv_drivers\display</Filter>
    </ClCompile>
    <ClCompile Include="lv_drivers\display\ILI9341.c">
      <Filter>lv_drivers\display</Filter>
    </ClCompile>
    <ClCompile Include="lv_drivers\display\monitor.c">
      <Filter>lv_drivers\display</Filter>
    </ClCompile>
    <ClCompile Include="lv_drivers\display\R61581.c">
      <Filter>lv_drivers\display</Filter>
    </ClCompile>
    <ClCompile Include="lv_drivers\display\SHARP_MIP.c">
      <Filter>lv_drivers\display</Filter>
    </ClCompile>
    <ClCompile Include="lv_drivers\display\SSD1963.c">
      <Filter>lv_drivers\display</Filter>
    </ClCompile>
    <ClCompile Include="lv_drivers\display\ST7565.c">
      <Filter>lv_drivers\display</Filter>
    </ClCompile>
    <ClCompile Include="lv_drivers\display\UC1610.c">
      <Filter>lv_drivers\display</Filter>
    </ClCompile>
    <ClCompile Include="lv_drivers\gtkdrv\gtkdrv.c">
      <Filter>lv_drivers\gtkdrv</Filter>
    </ClCompile>
    <ClCompile Include="lv_drivers\indev\AD_touch.c">
      <Filter>lv_drivers\indev</Filter>
    </ClCompile>
    <ClCompile Include="lv_drivers\indev\evdev.c">
      <Filter>lv_drivers\indev</Filter>
    </ClCompile>
    <ClCompile Include="lv_drivers\indev\FT5406EE8.c">
      <Filter>lv_drivers\indev</Filter>
    </ClCompile>
    <ClCompile Include="lv_drivers\indev\keyboard.c">
      <Filter>lv_drivers\indev</Filter>
    </ClCompile>
    <ClCompile Include="lv_drivers\indev\libinput.c">
      <Filter>lv_drivers\indev</Filter>
    </ClCompile>
    <ClCompile Include="lv_drivers\indev\mouse.c">
      <Filter>lv_drivers\indev</Filter>
    </ClCompile>
    <ClCompile Include="lv_drivers\indev\mousewheel.c">
      <Filter>lv_drivers\indev</Filter>
    </ClCompile>
    <ClCompile Include="lv_drivers\indev\XPT2046.c">
      <Filter>lv_drivers\indev</Filter>
    </ClCompile>
    <ClCompile Include="lv_drivers\wayland\wayland.c">
      <Filter>lv_drivers\wayland</Filter>
    </ClCompile>
    <ClCompile Include="lv_drivers\win32drv\win32drv.c">
      <Filter>lv_drivers\win32drv</Filter>
    </ClCompile>
    <ClCompile Include="lv_drivers\win_drv.c">
      <Filter>lv_drivers</Filter>
    </ClCompile>
  </ItemGroup>
  <ItemGroup>
    <None Include="lv_drivers\.github\auto-comment.yml">
      <Filter>lv_drivers\.github</Filter>
    </None>
    <None Include="lv_drivers\.github\stale.yml">
      <Filter>lv_drivers\.github</Filter>
    </None>
    <None Include="lv_drivers\docs\astyle_c">
      <Filter>lv_drivers\docs</Filter>
    </None>
    <None Include="lv_drivers\docs\astyle_h">
      <Filter>lv_drivers\docs</Filter>
    </None>
    <None Include="lv_drivers\gtkdrv\broadway.png">
      <Filter>lv_drivers\gtkdrv</Filter>
    </None>
    <None Include="lv_drivers\gtkdrv\README.md">
      <Filter>lv_drivers\gtkdrv</Filter>
    </None>
    <None Include="lv_drivers\wayland\README.md">
      <Filter>lv_drivers\wayland</Filter>
    </None>
    <None Include="lv_drivers\.git">
      <Filter>lv_drivers</Filter>
    </None>
    <None Include="lv_drivers\.gitignore">
      <Filter>lv_drivers</Filter>
    </None>
    <None Include="lv_drivers\CMakeLists.txt">
      <Filter>lv_drivers</Filter>
    </None>
    <None Include="lv_drivers\library.json">
      <Filter>lv_drivers</Filter>
    </None>
    <None Include="lv_drivers\LICENSE">
      <Filter>lv_drivers</Filter>
    </None>
    <None Include="lv_drivers\lv_drivers.mk">
      <Filter>lv_drivers</Filter>
    </None>
    <None Include="lv_drivers\README.md">
      <Filter>lv_drivers</Filter>
    </None>
  </ItemGroup>
  <ItemGroup>
    <ClInclude Include="lv_conf.h" />
    <ClInclude Include="lv_drv_conf.h" />
  </ItemGroup>
  <ItemGroup>
    <ClInclude Include="lv_demo_conf.h" />
  </ItemGroup>
  <ItemGroup>
    <Manifest Include="LVGL.Simulator.manifest" />
  </ItemGroup>
  <ItemGroup>
    <ClInclude Include="Mile.Project.Properties.h" />
    <ClInclude Include="resource.h" />
  </ItemGroup>
  <ItemGroup>
    <ClCompile Include="LVGL.Simulator.cpp" />
  </ItemGroup>
  <ItemGroup>
    <ResourceCompile Include="LVGL.Simulator.rc" />
  </ItemGroup>
  <ItemGroup>
    <Image Include="LVGL.ico" />
  </ItemGroup>
</Project>